
Microsoft Visual Studio Solution File, Format Version 12.00
# Visual Studio Version 17
VisualStudioVersion = 17.10.34825.169
MinimumVisualStudioVersion = 10.0.40219.1
Project("{9A19103F-16F7-4668-BE54-9A1E7A4F7556}") = "Api", "Api\Api.csproj", "{B971A4D9-44CD-439E-955C-8AD7C54D813D}"
EndProject
Project("{9A19103F-16F7-4668-BE54-9A1E7A4F7556}") = "Plugins", "Plugins\Plugins.csproj", "{6488E963-0612-4A9E-A2B2-1B6E6A139D8F}"
EndProject
Project("{FAE04EC0-301F-11D3-BF4B-00C04F79EFBC}") = "Helpers", "Helper\Helpers.csproj", "{C7BB4B16-0E33-4BDF-A169-F9CB0AA7A61E}"
EndProject
Project("{FAE04EC0-301F-11D3-BF4B-00C04F79EFBC}") = "CSharp", "CSharp\CSharp.csproj", "{9FC75899-E03C-4A51-8612-CE3687E5EFEF}"
EndProject
Global
	GlobalSection(SolutionConfigurationPlatforms) = preSolution
		Debug|Any CPU = Debug|Any CPU
		Release|Any CPU = Release|Any CPU
	EndGlobalSection
	GlobalSection(ProjectConfigurationPlatforms) = postSolution
		{B971A4D9-44CD-439E-955C-8AD7C54D813D}.Debug|Any CPU.ActiveCfg = Debug|Any CPU
		{B971A4D9-44CD-439E-955C-8AD7C54D813D}.Debug|Any CPU.Build.0 = Debug|Any CPU
		{B971A4D9-44CD-439E-955C-8AD7C54D813D}.Release|Any CPU.ActiveCfg = Release|Any CPU
		{B971A4D9-44CD-439E-955C-8AD7C54D813D}.Release|Any CPU.Build.0 = Release|Any CPU
		{6488E963-0612-4A9E-A2B2-1B6E6A139D8F}.Debug|Any CPU.ActiveCfg = Debug|Any CPU
		{6488E963-0612-4A9E-A2B2-1B6E6A139D8F}.Debug|Any CPU.Build.0 = Debug|Any CPU
		{6488E963-0612-4A9E-A2B2-1B6E6A139D8F}.Release|Any CPU.ActiveCfg = Release|Any CPU
		{6488E963-0612-4A9E-A2B2-1B6E6A139D8F}.Release|Any CPU.Build.0 = Release|Any CPU
		{C7BB4B16-0E33-4BDF-A169-F9CB0AA7A61E}.Debug|Any CPU.ActiveCfg = Debug|Any CPU
		{C7BB4B16-0E33-4BDF-A169-F9CB0AA7A61E}.Debug|Any CPU.Build.0 = Debug|Any CPU
		{C7BB4B16-0E33-4BDF-A169-F9CB0AA7A61E}.Release|Any CPU.ActiveCfg = Release|Any CPU
		{C7BB4B16-0E33-4BDF-A169-F9CB0AA7A61E}.Release|Any CPU.Build.0 = Release|Any CPU
		{9FC75899-E03C-4A51-8612-CE3687E5EFEF}.Debug|Any CPU.ActiveCfg = Debug|Any CPU
		{9FC75899-E03C-4A51-8612-CE3687E5EFEF}.Debug|Any CPU.Build.0 = Debug|Any CPU
		{9FC75899-E03C-4A51-8612-CE3687E5EFEF}.Release|Any CPU.ActiveCfg = Release|Any CPU
		{9FC75899-E03C-4A51-8612-CE3687E5EFEF}.Release|Any CPU.Build.0 = Release|Any CPU
	EndGlobalSection
	GlobalSection(SolutionProperties) = preSolution
		HideSolutionNode = FALSE
	EndGlobalSection
	GlobalSection(ExtensibilityGlobals) = postSolution
		SolutionGuid = {827D2911-A13E-4DB9-9281-C277786A09EC}
	EndGlobalSection
EndGlobal
